[{<<"ephp">>,
  {git,"https://github.com/altenwald/ephp.git",
       {ref,"361eb8c03aab9e525b6e14ae16d9f21469cf12b8"}},
  0},
 {<<"ezic">>,
  {git,"https://github.com/waj/ezic.git",
       {ref,"f27b57e00a9d4aeb75ee7147390a2b2f8812697b"}},
  1},
 {<<"jsone">>,
  {git,"https://github.com/sile/jsone.git",
       {ref,"20076d0d7267a593e03d538d14f52fb2c6149609"}},
  0},
 {<<"unistring">>,
  {git,"https://github.com/altenwald/unistring.git",
       {ref,"9edbf2afc049d1a7b47d2ec054de04b9bcf5d095"}},
  1},
 {<<"zucchini">>,
  {git,"https://github.com/altenwald/zucchini.git",
       {ref,"d758d811f5b2952ce4799180306f7883c294f911"}},
  1}].
