[{<<"ephp">>,
  {git,"https://github.com/altenwald/ephp.git",
       {ref,"1ff6a78d3a9d32e9f262eafdc72beb0770a6ea83"}},
  0},
 {<<"ezic">>,
  {git,"https://github.com/waj/ezic.git",
       {ref,"f27b57e00a9d4aeb75ee7147390a2b2f8812697b"}},
  1},
 {<<"jsone">>,
  {git,"https://github.com/altenwald/jsone.git",
       {ref,"51aca2803167d626970a0406e12d36522fd23112"}},
  0},
 {<<"unistring">>,
  {git,"https://github.com/altenwald/unistring.git",
       {ref,"9edbf2afc049d1a7b47d2ec054de04b9bcf5d095"}},
  1},
 {<<"zucchini">>,
  {git,"https://github.com/altenwald/zucchini.git",
       {ref,"d758d811f5b2952ce4799180306f7883c294f911"}},
  1}].
